
Microsoft Visual Studio Solution File, Format Version 12.00
# Visual Studio Version 16
VisualStudioVersion = 16.0.30413.136
MinimumVisualStudioVersion = 10.0.40219.1
Project("{FAE04EC0-301F-11D3-BF4B-00C04F79EFBC}") = "ArtistAPI", "ArtistAPI\ArtistAPI.csproj", "{60B3AA3A-AE84-457E-A298-CE9129FE6774}"
EndProject
Project("{FAE04EC0-301F-11D3-BF4B-00C04F79EFBC}") = "XUnitArtistAPI", "ArtistAPITest\XUnitArtistAPI.csproj", "{34DB0D34-C082-4F13-9269-614FAD2AB857}"
EndProject
Global
	GlobalSection(SolutionConfigurationPlatforms) = preSolution
		Debug|Any CPU = Debug|Any CPU
		Release|Any CPU = Release|Any CPU
	EndGlobalSection
	GlobalSection(ProjectConfigurationPlatforms) = postSolution
		{60B3AA3A-AE84-457E-A298-CE9129FE6774}.Debug|Any CPU.ActiveCfg = Debug|Any CPU
		{60B3AA3A-AE84-457E-A298-CE9129FE6774}.Debug|Any CPU.Build.0 = Debug|Any CPU
		{60B3AA3A-AE84-457E-A298-CE9129FE6774}.Release|Any CPU.ActiveCfg = Release|Any CPU
		{60B3AA3A-AE84-457E-A298-CE9129FE6774}.Release|Any CPU.Build.0 = Release|Any CPU
		{34DB0D34-C082-4F13-9269-614FAD2AB857}.Debug|Any CPU.ActiveCfg = Debug|Any CPU
		{34DB0D34-C082-4F13-9269-614FAD2AB857}.Debug|Any CPU.Build.0 = Debug|Any CPU
		{34DB0D34-C082-4F13-9269-614FAD2AB857}.Release|Any CPU.ActiveCfg = Release|Any CPU
		{34DB0D34-C082-4F13-9269-614FAD2AB857}.Release|Any CPU.Build.0 = Release|Any CPU
	EndGlobalSection
	GlobalSection(SolutionProperties) = preSolution
		HideSolutionNode = FALSE
	EndGlobalSection
	GlobalSection(ExtensibilityGlobals) = postSolution
		SolutionGuid = {4E034FCC-3533-48FF-B196-64DC48FADF36}
	EndGlobalSection
EndGlobal
